// !$*UTF8*$!
{
	archiveVersion = 1;
	classes = {
	};
	objectVersion = 46;
	objects = {

/* Begin PBXBuildFile section */
		044366F21D2CFE190054EA01 /* JXHTabBar.swift in Sources */ = {isa = PBXBuildFile; fileRef = 044366F11D2CFE190054EA01 /* JXHTabBar.swift */; };
		044366F41D2D00810054EA01 /* UIButtion+Extension.swift in Sources */ = {isa = PBXBuildFile; fileRef = 044366F31D2D00810054EA01 /* UIButtion+Extension.swift */; };
		044366F61D2D197F0054EA01 /* JXHExtension.swift in Sources */ = {isa = PBXBuildFile; fileRef = 044366F51D2D197F0054EA01 /* JXHExtension.swift */; };
		0464B5231D2CE81900CAF5E6 /* JXHEssenceViewController.swift in Sources */ = {isa = PBXBuildFile; fileRef = 0464B5221D2CE81900CAF5E6 /* JXHEssenceViewController.swift */; };
		0464B5251D2CE84200CAF5E6 /* JXHNewViewController.swift in Sources */ = {isa = PBXBuildFile; fileRef = 0464B5241D2CE84200CAF5E6 /* JXHNewViewController.swift */; };
		0464B5271D2CE85100CAF5E6 /* JXHFriendTrendsViewController.swift in Sources */ = {isa = PBXBuildFile; fileRef = 0464B5261D2CE85100CAF5E6 /* JXHFriendTrendsViewController.swift */; };
		0464B5291D2CE86500CAF5E6 /* JXHMeViewController.swift in Sources */ = {isa = PBXBuildFile; fileRef = 0464B5281D2CE86500CAF5E6 /* JXHMeViewController.swift */; };
		04ED0C231D2CB541001B618D /* AppDelegate.swift in Sources */ = {isa = PBXBuildFile; fileRef = 04ED0C221D2CB541001B618D /* AppDelegate.swift */; };
		04ED0C281D2CB541001B618D /* Main.storyboard in Resources */ = {isa = PBXBuildFile; fileRef = 04ED0C261D2CB541001B618D /* Main.storyboard */; };
		04ED0C2A1D2CB541001B618D /* Assets.xcassets in Resources */ = {isa = PBXBuildFile; fileRef = 04ED0C291D2CB541001B618D /* Assets.xcassets */; };
		04ED0C2D1D2CB541001B618D /* LaunchScreen.storyboard in Resources */ = {isa = PBXBuildFile; fileRef = 04ED0C2B1D2CB541001B618D /* LaunchScreen.storyboard */; };
		04ED0C381D2CB541001B618D /* JXHBaiSiTests.swift in Sources */ = {isa = PBXBuildFile; fileRef = 04ED0C371D2CB541001B618D /* JXHBaiSiTests.swift */; };
		04ED0C431D2CB541001B618D /* JXHBaiSiUITests.swift in Sources */ = {isa = PBXBuildFile; fileRef = 04ED0C421D2CB541001B618D /* JXHBaiSiUITests.swift */; };
		04ED0C521D2CB8C4001B618D /* JXHTabBarController.swift in Sources */ = {isa = PBXBuildFile; fileRef = 04ED0C501D2CB8C4001B618D /* JXHTabBarController.swift */; };
/* End PBXBuildFile section */

/* Begin PBXContainerItemProxy section */
		04ED0C341D2CB541001B618D /* PBXContainerItemProxy */ = {
			isa = PBXContainerItemProxy;
			containerPortal = 04ED0C171D2CB541001B618D /* Project object */;
			proxyType = 1;
			remoteGlobalIDString = 04ED0C1E1D2CB541001B618D;
			remoteInfo = JXHBaiSi;
		};
		04ED0C3F1D2CB541001B618D /* PBXContainerItemProxy */ = {
			isa = PBXContainerItemProxy;
			containerPortal = 04ED0C171D2CB541001B618D /* Project object */;
			proxyType = 1;
			remoteGlobalIDString = 04ED0C1E1D2CB541001B618D;
			remoteInfo = JXHBaiSi;
		};
/* End PBXContainerItemProxy section */

/* Begin PBXFileReference section */
		044366F11D2CFE190054EA01 /* JXHTabBar.swift */ = {isa = PBXFileReference; fileEncoding = 4; lastKnownFileType = sourcecode.swift; path = JXHTabBar.swift; sourceTree = "<group>"; };
		044366F31D2D00810054EA01 /* UIButtion+Extension.swift */ = {isa = PBXFileReference; fileEncoding = 4; lastKnownFileType = sourcecode.swift; path = "UIButtion+Extension.swift"; sourceTree = "<group>"; };
		044366F51D2D197F0054EA01 /* JXHExtension.swift */ = {isa = PBXFileReference; fileEncoding = 4; lastKnownFileType = sourcecode.swift; path = JXHExtension.swift; sourceTree = "<group>"; };
		0464B5221D2CE81900CAF5E6 /* JXHEssenceViewController.swift */ = {isa = PBXFileReference; fileEncoding = 4; lastKnownFileType = sourcecode.swift; path = JXHEssenceViewController.swift; sourceTree = "<group>"; };
		0464B5241D2CE84200CAF5E6 /* JXHNewViewController.swift */ = {isa = PBXFileReference; fileEncoding = 4; lastKnownFileType = sourcecode.swift; path = JXHNewViewController.swift; sourceTree = "<group>"; };
		0464B5261D2CE85100CAF5E6 /* JXHFriendTrendsViewController.swift */ = {isa = PBXFileReference; fileEncoding = 4; lastKnownFileType = sourcecode.swift; path = JXHFriendTrendsViewController.swift; sourceTree = "<group>"; };
		0464B5281D2CE86500CAF5E6 /* JXHMeViewController.swift */ = {isa = PBXFileReference; fileEncoding = 4; lastKnownFileType = sourcecode.swift; path = JXHMeViewController.swift; sourceTree = "<group>"; };
		04ED0C1F1D2CB541001B618D /* JXHBaiSi.app */ = {isa = PBXFileReference; explicitFileType = wrapper.application; includeInIndex = 0; path = JXHBaiSi.app; sourceTree = BUILT_PRODUCTS_DIR; };
		04ED0C221D2CB541001B618D /* AppDelegate.swift */ = {isa = PBXFileReference; lastKnownFileType = sourcecode.swift; path = AppDelegate.swift; sourceTree = "<group>"; };
		04ED0C271D2CB541001B618D /* Base */ = {isa = PBXFileReference; lastKnownFileType = file.storyboard; name = Base; path = Base.lproj/Main.storyboard; sourceTree = "<group>"; };
		04ED0C291D2CB541001B618D /* Assets.xcassets */ = {isa = PBXFileReference; lastKnownFileType = folder.assetcatalog; path = Assets.xcassets; sourceTree = "<group>"; };
		04ED0C2C1D2CB541001B618D /* Base */ = {isa = PBXFileReference; lastKnownFileType = file.storyboard; name = Base; path = Base.lproj/LaunchScreen.storyboard; sourceTree = "<group>"; };
		04ED0C2E1D2CB541001B618D /* Info.plist */ = {isa = PBXFileReference; lastKnownFileType = text.plist.xml; path = Info.plist; sourceTree = "<group>"; };
		04ED0C331D2CB541001B618D /* JXHBaiSiTests.xctest */ = {isa = PBXFileReference; explicitFileType = wrapper.cfbundle; includeInIndex = 0; path = JXHBaiSiTests.xctest; sourceTree = BUILT_PRODUCTS_DIR; };
		04ED0C371D2CB541001B618D /* JXHBaiSiTests.swift */ = {isa = PBXFileReference; lastKnownFileType = sourcecode.swift; path = JXHBaiSiTests.swift; sourceTree = "<group>"; };
		04ED0C391D2CB541001B618D /* Info.plist */ = {isa = PBXFileReference; lastKnownFileType = text.plist.xml; path = Info.plist; sourceTree = "<group>"; };
		04ED0C3E1D2CB541001B618D /* JXHBaiSiUITests.xctest */ = {isa = PBXFileReference; explicitFileType = wrapper.cfbundle; includeInIndex = 0; path = JXHBaiSiUITests.xctest; sourceTree = BUILT_PRODUCTS_DIR; };
		04ED0C421D2CB541001B618D /* JXHBaiSiUITests.swift */ = {isa = PBXFileReference; lastKnownFileType = sourcecode.swift; path = JXHBaiSiUITests.swift; sourceTree = "<group>"; };
		04ED0C441D2CB541001B618D /* Info.plist */ = {isa = PBXFileReference; lastKnownFileType = text.plist.xml; path = Info.plist; sourceTree = "<group>"; };
		04ED0C501D2CB8C4001B618D /* JXHTabBarController.swift */ = {isa = PBXFileReference; fileEncoding = 4; lastKnownFileType = sourcecode.swift; path = JXHTabBarController.swift; sourceTree = "<group>"; };
/* End PBXFileReference section */

/* Begin PBXFrameworksBuildPhase section */
		04ED0C1C1D2CB541001B618D /* Frameworks */ = {
			isa = PBXFrameworksBuildPhase;
			buildActionMask = 2147483647;
			files = (
			);
			runOnlyForDeploymentPostprocessing = 0;
		};
		04ED0C301D2CB541001B618D /* Frameworks */ = {
			isa = PBXFrameworksBuildPhase;
			buildActionMask = 2147483647;
			files = (
			);
			runOnlyForDeploymentPostprocessing = 0;
		};
		04ED0C3B1D2CB541001B618D /* Frameworks */ = {
			isa = PBXFrameworksBuildPhase;
			buildActionMask = 2147483647;
			files = (
			);
			runOnlyForDeploymentPostprocessing = 0;
		};
/* End PBXFrameworksBuildPhase section */

/* Begin PBXGroup section */
		04ED0C161D2CB541001B618D = {
			isa = PBXGroup;
			children = (
				04ED0C211D2CB541001B618D /* JXHBaiSi */,
				04ED0C361D2CB541001B618D /* JXHBaiSiTests */,
				04ED0C411D2CB541001B618D /* JXHBaiSiUITests */,
				04ED0C201D2CB541001B618D /* Products */,
			);
			sourceTree = "<group>";
		};
		04ED0C201D2CB541001B618D /* Products */ = {
			isa = PBXGroup;
			children = (
				04ED0C1F1D2CB541001B618D /* JXHBaiSi.app */,
				04ED0C331D2CB541001B618D /* JXHBaiSiTests.xctest */,
				04ED0C3E1D2CB541001B618D /* JXHBaiSiUITests.xctest */,
			);
			name = Products;
			sourceTree = "<group>";
		};
		04ED0C211D2CB541001B618D /* JXHBaiSi */ = {
			isa = PBXGroup;
			children = (
				04ED0C221D2CB541001B618D /* AppDelegate.swift */,
				04ED0C501D2CB8C4001B618D /* JXHTabBarController.swift */,
				044366F11D2CFE190054EA01 /* JXHTabBar.swift */,
				044366F51D2D197F0054EA01 /* JXHExtension.swift */,
				044366F31D2D00810054EA01 /* UIButtion+Extension.swift */,
				0464B5221D2CE81900CAF5E6 /* JXHEssenceViewController.swift */,
				0464B5241D2CE84200CAF5E6 /* JXHNewViewController.swift */,
				0464B5261D2CE85100CAF5E6 /* JXHFriendTrendsViewController.swift */,
				0464B5281D2CE86500CAF5E6 /* JXHMeViewController.swift */,
				04ED0C261D2CB541001B618D /* Main.storyboard */,
				04ED0C291D2CB541001B618D /* Assets.xcassets */,
				04ED0C2B1D2CB541001B618D /* LaunchScreen.storyboard */,
				04ED0C2E1D2CB541001B618D /* Info.plist */,
			);
			path = JXHBaiSi;
			sourceTree = "<group>";
		};
		04ED0C361D2CB541001B618D /* JXHBaiSiTests */ = {
			isa = PBXGroup;
			children = (
				04ED0C371D2CB541001B618D /* JXHBaiSiTests.swift */,
				04ED0C391D2CB541001B618D /* Info.plist */,
			);
			path = JXHBaiSiTests;
			sourceTree = "<group>";
		};
		04ED0C411D2CB541001B618D /* JXHBaiSiUITests */ = {
			isa = PBXGroup;
			children = (
				04ED0C421D2CB541001B618D /* JXHBaiSiUITests.swift */,
				04ED0C441D2CB541001B618D /* Info.plist */,
			);
			path = JXHBaiSiUITests;
			sourceTree = "<group>";
		};
/* End PBXGroup section */

/* Begin PBXNativeTarget section */
		04ED0C1E1D2CB541001B618D /* JXHBaiSi */ = {
			isa = PBXNativeTarget;
			buildConfigurationList = 04ED0C471D2CB541001B618D /* Build configuration list for PBXNativeTarget "JXHBaiSi" */;
			buildPhases = (
				04ED0C1B1D2CB541001B618D /* Sources */,
				04ED0C1C1D2CB541001B618D /* Frameworks */,
				04ED0C1D1D2CB541001B618D /* Resources */,
			);
			buildRules = (
			);
			dependencies = (
			);
			name = JXHBaiSi;
			productName = JXHBaiSi;
			productReference = 04ED0C1F1D2CB541001B618D /* JXHBaiSi.app */;
			productType = "com.apple.product-type.application";
		};
		04ED0C321D2CB541001B618D /* JXHBaiSiTests */ = {
			isa = PBXNativeTarget;
			buildConfigurationList = 04ED0C4A1D2CB541001B618D /* Build configuration list for PBXNativeTarget "JXHBaiSiTests" */;
			buildPhases = (
				04ED0C2F1D2CB541001B618D /* Sources */,
				04ED0C301D2CB541001B618D /* Frameworks */,
				04ED0C311D2CB541001B618D /* Resources */,
			);
			buildRules = (
			);
			dependencies = (
				04ED0C351D2CB541001B618D /* PBXTargetDependency */,
			);
			name = JXHBaiSiTests;
			productName = JXHBaiSiTests;
			productReference = 04ED0C331D2CB541001B618D /* JXHBaiSiTests.xctest */;
			productType = "com.apple.product-type.bundle.unit-test";
		};
		04ED0C3D1D2CB541001B618D /* JXHBaiSiUITests */ = {
			isa = PBXNativeTarget;
			buildConfigurationList = 04ED0C4D1D2CB541001B618D /* Build configuration list for PBXNativeTarget "JXHBaiSiUITests" */;
			buildPhases = (
				04ED0C3A1D2CB541001B618D /* Sources */,
				04ED0C3B1D2CB541001B618D /* Frameworks */,
				04ED0C3C1D2CB541001B618D /* Resources */,
			);
			buildRules = (
			);
			dependencies = (
				04ED0C401D2CB541001B618D /* PBXTargetDependency */,
			);
			name = JXHBaiSiUITests;
			productName = JXHBaiSiUITests;
			productReference = 04ED0C3E1D2CB541001B618D /* JXHBaiSiUITests.xctest */;
			productType = "com.apple.product-type.bundle.ui-testing";
		};
/* End PBXNativeTarget section */

/* Begin PBXProject section */
		04ED0C171D2CB541001B618D /* Project object */ = {
			isa = PBXProject;
			attributes = {
				CLASSPREFIX = JXH;
				LastSwiftUpdateCheck = 0720;
				LastUpgradeCheck = 0720;
				ORGANIZATIONNAME = JXH;
				TargetAttributes = {
					04ED0C1E1D2CB541001B618D = {
						CreatedOnToolsVersion = 7.2.1;
					};
					04ED0C321D2CB541001B618D = {
						CreatedOnToolsVersion = 7.2.1;
						TestTargetID = 04ED0C1E1D2CB541001B618D;
					};
					04ED0C3D1D2CB541001B618D = {
						CreatedOnToolsVersion = 7.2.1;
						TestTargetID = 04ED0C1E1D2CB541001B618D;
					};
				};
			};
			buildConfigurationList = 04ED0C1A1D2CB541001B618D /* Build configuration list for PBXProject "JXHBaiSi" */;
			compatibilityVersion = "Xcode 3.2";
			developmentRegion = English;
			hasScannedForEncodings = 0;
			knownRegions = (
				en,
				Base,
			);
			mainGroup = 04ED0C161D2CB541001B618D;
			productRefGroup = 04ED0C201D2CB541001B618D /* Products */;
			projectDirPath = "";
			projectRoot = "";
			targets = (
				04ED0C1E1D2CB541001B618D /* JXHBaiSi */,
				04ED0C321D2CB541001B618D /* JXHBaiSiTests */,
				04ED0C3D1D2CB541001B618D /* JXHBaiSiUITests */,
			);
		};
/* End PBXProject section */

/* Begin PBXResourcesBuildPhase section */
		04ED0C1D1D2CB541001B618D /* Resources */ = {
			isa = PBXResourcesBuildPhase;
			buildActionMask = 2147483647;
			files = (
				04ED0C2D1D2CB541001B618D /* LaunchScreen.storyboard in Resources */,
				04ED0C2A1D2CB541001B618D /* Assets.xcassets in Resources */,
				04ED0C281D2CB541001B618D /* Main.storyboard in Resources */,
			);
			runOnlyForDeploymentPostprocessing = 0;
		};
		04ED0C311D2CB541001B618D /* Resources */ = {
			isa = PBXResourcesBuildPhase;
			buildActionMask = 2147483647;
			files = (
			);
			runOnlyForDeploymentPostprocessing = 0;
		};
		04ED0C3C1D2CB541001B618D /* Resources */ = {
			isa = PBXResourcesBuildPhase;
			buildActionMask = 2147483647;
			files = (
			);
			runOnlyForDeploymentPostprocessing = 0;
		};
/* End PBXResourcesBuildPhase section */

/* Begin PBXSourcesBuildPhase section */
		04ED0C1B1D2CB541001B618D /* Sources */ = {
			isa = PBXSourcesBuildPhase;
			buildActionMask = 2147483647;
			files = (
				0464B5271D2CE85100CAF5E6 /* JXHFriendTrendsViewController.swift in Sources */,
				0464B5291D2CE86500CAF5E6 /* JXHMeViewController.swift in Sources */,
				044366F21D2CFE190054EA01 /* JXHTabBar.swift in Sources */,
				0464B5251D2CE84200CAF5E6 /* JXHNewViewController.swift in Sources */,
				04ED0C521D2CB8C4001B618D /* JXHTabBarController.swift in Sources */,
				04ED0C231D2CB541001B618D /* AppDelegate.swift in Sources */,
				0464B5231D2CE81900CAF5E6 /* JXHEssenceViewController.swift in Sources */,
				044366F61D2D197F0054EA01 /* JXHExtension.swift in Sources */,
				044366F41D2D00810054EA01 /* UIButtion+Extension.swift in Sources */,
			);
			runOnlyForDeploymentPostprocessing = 0;
		};
		04ED0C2F1D2CB541001B618D /* Sources */ = {
			isa = PBXSourcesBuildPhase;
			buildActionMask = 2147483647;
			files = (
				04ED0C381D2CB541001B618D /* JXHBaiSiTests.swift in Sources */,
			);
			runOnlyForDeploymentPostprocessing = 0;
		};
		04ED0C3A1D2CB541001B618D /* Sources */ = {
			isa = PBXSourcesBuildPhase;
			buildActionMask = 2147483647;
			files = (
				04ED0C431D2CB541001B618D /* JXHBaiSiUITests.swift in Sources */,
			);
			runOnlyForDeploymentPostprocessing = 0;
		};
/* End PBXSourcesBuildPhase section */

/* Begin PBXTargetDependency section */
		04ED0C351D2CB541001B618D /* PBXTargetDependency */ = {
			isa = PBXTargetDependency;
			target = 04ED0C1E1D2CB541001B618D /* JXHBaiSi */;
			targetProxy = 04ED0C341D2CB541001B618D /* PBXContainerItemProxy */;
		};
		04ED0C401D2CB541001B618D /* PBXTargetDependency */ = {
			isa = PBXTargetDependency;
			target = 04ED0C1E1D2CB541001B618D /* JXHBaiSi */;
			targetProxy = 04ED0C3F1D2CB541001B618D /* PBXContainerItemProxy */;
		};
/* End PBXTargetDependency section */

/* Begin PBXVariantGroup section */
		04ED0C261D2CB541001B618D /* Main.storyboard */ = {
			isa = PBXVariantGroup;
			children = (
				04ED0C271D2CB541001B618D /* Base */,
			);
			name = Main.storyboard;
			sourceTree = "<group>";
		};
		04ED0C2B1D2CB541001B618D /* LaunchScreen.storyboard */ = {
			isa = PBXVariantGroup;
			children = (
				04ED0C2C1D2CB541001B618D /* Base */,
			);
			name = LaunchScreen.storyboard;
			sourceTree = "<group>";
		};
/* End PBXVariantGroup section */

/* Begin XCBuildConfiguration section */
		04ED0C451D2CB541001B618D /* Debug */ = {
			isa = XCBuildConfiguration;
			buildSettings = {
				ALWAYS_SEARCH_USER_PATHS = NO;
				CLANG_CXX_LANGUAGE_STANDARD = "gnu++0x";
				CLANG_CXX_LIBRARY = "libc++";
				CLANG_ENABLE_MODULES = YES;
				CLANG_ENABLE_OBJC_ARC = YES;
				CLANG_WARN_BOOL_CONVERSION = YES;
				CLANG_WARN_CONSTANT_CONVERSION = YES;
				CLANG_WARN_DIRECT_OBJC_ISA_USAGE = YES_ERROR;
				CLANG_WARN_EMPTY_BODY = YES;
				CLANG_WARN_ENUM_CONVERSION = YES;
				CLANG_WARN_INT_CONVERSION = YES;
				CLANG_WARN_OBJC_ROOT_CLASS = YES_ERROR;
				CLANG_WARN_UNREACHABLE_CODE = YES;
				CLANG_WARN__DUPLICATE_METHOD_MATCH = YES;
				"CODE_SIGN_IDENTITY[sdk=iphoneos*]" = "iPhone Developer";
				COPY_PHASE_STRIP = NO;
				DEBUG_INFORMATION_FORMAT = dwarf;
				ENABLE_STRICT_OBJC_MSGSEND = YES;
				ENABLE_TESTABILITY = YES;
				GCC_C_LANGUAGE_STANDARD = gnu99;
				GCC_DYNAMIC_NO_PIC = NO;
				GCC_NO_COMMON_BLOCKS = YES;
				GCC_OPTIMIZATION_LEVEL = 0;
				GCC_PREPROCESSOR_DEFINITIONS = (
					"DEBUG=1",
					"$(inherited)",
				);
				GCC_WARN_64_TO_32_BIT_CONVERSION = YES;
				GCC_WARN_ABOUT_RETURN_TYPE = YES_ERROR;
				GCC_WARN_UNDECLARED_SELECTOR = YES;
				GCC_WARN_UNINITIALIZED_AUTOS = YES_AGGRESSIVE;
				GCC_WARN_UNUSED_FUNCTION = YES;
				GCC_WARN_UNUSED_VARIABLE = YES;
				IPHONEOS_DEPLOYMENT_TARGET = 9.2;
				MTL_ENABLE_DEBUG_INFO = YES;
				ONLY_ACTIVE_ARCH = YES;
				SDKROOT = iphoneos;
				SWIFT_OPTIMIZATION_LEVEL = "-Onone";
				TARGETED_DEVICE_FAMILY = "1,2";
			};
			name = Debug;
		};
		04ED0C461D2CB541001B618D /* Release */ = {
			isa = XCBuildConfiguration;
			buildSettings = {
				ALWAYS_SEARCH_USER_PATHS = NO;
				CLANG_CXX_LANGUAGE_STANDARD = "gnu++0x";
				CLANG_CXX_LIBRARY = "libc++";
				CLANG_ENABLE_MODULES = YES;
				CLANG_ENABLE_OBJC_ARC = YES;
				CLANG_WARN_BOOL_CONVERSION = YES;
				CLANG_WARN_CONSTANT_CONVERSION = YES;
				CLANG_WARN_DIRECT_OBJC_ISA_USAGE = YES_ERROR;
				CLANG_WARN_EMPTY_BODY = YES;
				CLANG_WARN_ENUM_CONVERSION = YES;
				CLANG_WARN_INT_CONVERSION = YES;
				CLANG_WARN_OBJC_ROOT_CLASS = YES_ERROR;
				CLANG_WARN_UNREACHABLE_CODE = YES;
				CLANG_WARN__DUPLICATE_METHOD_MATCH = YES;
				"CODE_SIGN_IDENTITY[sdk=iphoneos*]" = "iPhone Developer";
				COPY_PHASE_STRIP = NO;
				DEBUG_INFORMATION_FORMAT = "dwarf-with-dsym";
				ENABLE_NS_ASSERTIONS = NO;
				ENABLE_STRICT_OBJC_MSGSEND = YES;
				GCC_C_LANGUAGE_STANDARD = gnu99;
				GCC_NO_COMMON_BLOCKS = YES;
				GCC_WARN_64_TO_32_BIT_CONVERSION = YES;
				GCC_WARN_ABOUT_RETURN_TYPE = YES_ERROR;
				GCC_WARN_UNDECLARED_SELECTOR = YES;
				GCC_WARN_UNINITIALIZED_AUTOS = YES_AGGRESSIVE;
				GCC_WARN_UNUSED_FUNCTION = YES;
				GCC_WARN_UNUSED_VARIABLE = YES;
				IPHONEOS_DEPLOYMENT_TARGET = 9.2;
				MTL_ENABLE_DEBUG_INFO = NO;
				SDKROOT = iphoneos;
				TARGETED_DEVICE_FAMILY = "1,2";
				VALIDATE_PRODUCT = YES;
			};
			name = Release;
		};
		04ED0C481D2CB541001B618D /* Debug */ = {
			isa = XCBuildConfiguration;
			buildSettings = {
				ASSETCATALOG_COMPILER_APPICON_NAME = AppIcon;
				INFOPLIST_FILE = JXHBaiSi/Info.plist;
				LD_RUNPATH_SEARCH_PATHS = "$(inherited) @executable_path/Frameworks";
				PRODUCT_BUNDLE_IDENTIFIER = JXH.JXHBaiSi;
				PRODUCT_NAME = "$(TARGET_NAME)";
			};
			name = Debug;
		};
		04ED0C491D2CB541001B618D /* Release */ = {
			isa = XCBuildConfiguration;
			buildSettings = {
				ASSETCATALOG_COMPILER_APPICON_NAME = AppIcon;
				INFOPLIST_FILE = JXHBaiSi/Info.plist;
				LD_RUNPATH_SEARCH_PATHS = "$(inherited) @executable_path/Frameworks";
				PRODUCT_BUNDLE_IDENTIFIER = JXH.JXHBaiSi;
				PRODUCT_NAME = "$(TARGET_NAME)";
			};
			name = Release;
		};
		04ED0C4B1D2CB541001B618D /* Debug */ = {
			isa = XCBuildConfiguration;
			buildSettings = {
				BUNDLE_LOADER = "$(TEST_HOST)";
				INFOPLIST_FILE = JXHBaiSiTests/Info.plist;
				LD_RUNPATH_SEARCH_PATHS = "$(inherited) @executable_path/Frameworks @loader_path/Frameworks";
				PRODUCT_BUNDLE_IDENTIFIER = JXH.JXHBaiSiTests;
				PRODUCT_NAME = "$(TARGET_NAME)";
				TEST_HOST = "$(BUILT_PRODUCTS_DIR)/JXHBaiSi.app/JXHBaiSi";
			};
			name = Debug;
		};
		04ED0C4C1D2CB541001B618D /* Release */ = {
			isa = XCBuildConfiguration;
			buildSettings = {
				BUNDLE_LOADER = "$(TEST_HOST)";
				INFOPLIST_FILE = JXHBaiSiTests/Info.plist;
				LD_RUNPATH_SEARCH_PATHS = "$(inherited) @executable_path/Frameworks @loader_path/Frameworks";
				PRODUCT_BUNDLE_IDENTIFIER = JXH.JXHBaiSiTests;
				PRODUCT_NAME = "$(TARGET_NAME)";
				TEST_HOST = "$(BUILT_PRODUCTS_DIR)/JXHBaiSi.app/JXHBaiSi";
			};
			name = Release;
		};
		04ED0C4E1D2CB541001B618D /* Debug */ = {
			isa = XCBuildConfiguration;
			buildSettings = {
				INFOPLIST_FILE = JXHBaiSiUITests/Info.plist;
				LD_RUNPATH_SEARCH_PATHS = "$(inherited) @executable_path/Frameworks @loader_path/Frameworks";
				PRODUCT_BUNDLE_IDENTIFIER = JXH.JXHBaiSiUITests;
				PRODUCT_NAME = "$(TARGET_NAME)";
				TEST_TARGET_NAME = JXHBaiSi;
				USES_XCTRUNNER = YES;
			};
			name = Debug;
		};
		04ED0C4F1D2CB541001B618D /* Release */ = {
			isa = XCBuildConfiguration;
			buildSettings = {
				INFOPLIST_FILE = JXHBaiSiUITests/Info.plist;
				LD_RUNPATH_SEARCH_PATHS = "$(inherited) @executable_path/Frameworks @loader_path/Frameworks";
				PRODUCT_BUNDLE_IDENTIFIER = JXH.JXHBaiSiUITests;
				PRODUCT_NAME = "$(TARGET_NAME)";
				TEST_TARGET_NAME = JXHBaiSi;
				USES_XCTRUNNER = YES;
			};
			name = Release;
		};
/* End XCBuildConfiguration section */

/* Begin XCConfigurationList section */
		04ED0C1A1D2CB541001B618D /* Build configuration list for PBXProject "JXHBaiSi" */ = {
			isa = XCConfigurationList;
			buildConfigurations = (
				04ED0C451D2CB541001B618D /* Debug */,
				04ED0C461D2CB541001B618D /* Release */,
			);
			defaultConfigurationIsVisible = 0;
			defaultConfigurationName = Release;
		};
		04ED0C471D2CB541001B618D /* Build configuration list for PBXNativeTarget "JXHBaiSi" */ = {
			isa = XCConfigurationList;
			buildConfigurations = (
				04ED0C481D2CB541001B618D /* Debug */,
				04ED0C491D2CB541001B618D /* Release */,
			);
			defaultConfigurationIsVisible = 0;
			defaultConfigurationName = Release;
		};
		04ED0C4A1D2CB541001B618D /* Build configuration list for PBXNativeTarget "JXHBaiSiTests" */ = {
			isa = XCConfigurationList;
			buildConfigurations = (
				04ED0C4B1D2CB541001B618D /* Debug */,
				04ED0C4C1D2CB541001B618D /* Release */,
			);
			defaultConfigurationIsVisible = 0;
			defaultConfigurationName = Release;
		};
		04ED0C4D1D2CB541001B618D /* Build configuration list for PBXNativeTarget "JXHBaiSiUITests" */ = {
			isa = XCConfigurationList;
			buildConfigurations = (
				04ED0C4E1D2CB541001B618D /* Debug */,
				04ED0C4F1D2CB541001B618D /* Release */,
			);
			defaultConfigurationIsVisible = 0;
			defaultConfigurationName = Release;
		};
/* End XCConfigurationList section */
	};
	rootObject = 04ED0C171D2CB541001B618D /* Project object */;
}
